
Microsoft Visual Studio Solution File, Format Version 12.00
# Visual Studio 15
VisualStudioVersion = 15.0.28010.2048
MinimumVisualStudioVersion = 10.0.40219.1
Project("{8BC9CEB8-8B4A-11D0-8D11-00A0C91BC942}") = "Paint", "Paint.vcxproj", "{6FEEF598-3BC2-4F99-AD60-5A9D7DD88D8F}"
EndProject
Global
	GlobalSection(SolutionConfigurationPlatforms) = preSolution
		Debug|x64 = Debug|x64
		Debug|x86 = Debug|x86
		Release|x64 = Release|x64
		Release|x86 = Release|x86
	EndGlobalSection
	GlobalSection(ProjectConfigurationPlatforms) = postSolution
		{6FEEF598-3BC2-4F99-AD60-5A9D7DD88D8F}.Debug|x64.ActiveCfg = Debug|x64
		{6FEEF598-3BC2-4F99-AD60-5A9D7DD88D8F}.Debug|x64.Build.0 = Debug|x64
		{6FEEF598-3BC2-4F99-AD60-5A9D7DD88D8F}.Debug|x86.ActiveCfg = Debug|Win32
		{6FEEF598-3BC2-4F99-AD60-5A9D7DD88D8F}.Debug|x86.Build.0 = Debug|Win32
		{6FEEF598-3BC2-4F99-AD60-5A9D7DD88D8F}.Release|x64.ActiveCfg = Release|x64
		{6FEEF598-3BC2-4F99-AD60-5A9D7DD88D8F}.Release|x64.Build.0 = Release|x64
		{6FEEF598-3BC2-4F99-AD60-5A9D7DD88D8F}.Release|x86.ActiveCfg = Release|Win32
		{6FEEF598-3BC2-4F99-AD60-5A9D7DD88D8F}.Release|x86.Build.0 = Release|Win32
	EndGlobalSection
	GlobalSection(SolutionProperties) = preSolution
		HideSolutionNode = FALSE
	EndGlobalSection
	GlobalSection(ExtensibilityGlobals) = postSolution
		SolutionGuid = {1C4F9518-F523-4067-A5B9-C25C2EEE276C}
	EndGlobalSection
EndGlobal
